
Microsoft Visual Studio Solution File, Format Version 12.00
# Visual Studio Version 16
VisualStudioVersion = 16.0.31624.102
MinimumVisualStudioVersion = 10.0.40219.1
Project("{FAE04EC0-301F-11D3-BF4B-00C04F79EFBC}") = "lab3_TP_Git", "lab3_TP_Git\lab3_TP_Git.csproj", "{0AEBCA91-9E21-41DD-9B3C-ACE5A3890742}"
EndProject
Global
	GlobalSection(SolutionConfigurationPlatforms) = preSolution
		Debug|Any CPU = Debug|Any CPU
		Release|Any CPU = Release|Any CPU
	EndGlobalSection
	GlobalSection(ProjectConfigurationPlatforms) = postSolution
		{0AEBCA91-9E21-41DD-9B3C-ACE5A3890742}.Debug|Any CPU.ActiveCfg = Debug|Any CPU
		{0AEBCA91-9E21-41DD-9B3C-ACE5A3890742}.Debug|Any CPU.Build.0 = Debug|Any CPU
		{0AEBCA91-9E21-41DD-9B3C-ACE5A3890742}.Release|Any CPU.ActiveCfg = Release|Any CPU
		{0AEBCA91-9E21-41DD-9B3C-ACE5A3890742}.Release|Any CPU.Build.0 = Release|Any CPU
	EndGlobalSection
	GlobalSection(SolutionProperties) = preSolution
		HideSolutionNode = FALSE
	EndGlobalSection
	GlobalSection(ExtensibilityGlobals) = postSolution
		SolutionGuid = {E158322E-27BC-42B2-8DBD-3C12348510A4}
	EndGlobalSection
EndGlobal
